
Microsoft Visual Studio Solution File, Format Version 12.00
# Visual Studio 2012
Project("{FAE04EC0-301F-11D3-BF4B-00C04F79EFBC}") = "LibuvSharp", "LibuvSharp\LibuvSharp.csproj", "{281B560A-E3B1-437C-9274-DD655E860E6E}"
EndProject
Project("{FAE04EC0-301F-11D3-BF4B-00C04F79EFBC}") = "LibuvSharp.Tests", "LibuvSharp.Tests\LibuvSharp.Tests.csproj", "{8736CFDB-D7E1-4753-9D33-48FDE176BA7B}"
EndProject
Project("{2150E333-8FDC-42A3-9474-1A3956D46DE8}") = "Examples", "Examples", "{2B4322CD-2CBD-4DD0-83A7-F12C6D4874D9}"
EndProject
Project("{FAE04EC0-301F-11D3-BF4B-00C04F79EFBC}") = "Fibonacci", "Examples\Fibonacci.csproj", "{72A04DDD-3CC1-4357-89A8-39445E3A645D}"
EndProject
Project("{FAE04EC0-301F-11D3-BF4B-00C04F79EFBC}") = "HashStream", "Examples\HashStream.csproj", "{1F2780FB-C570-4E95-A3E1-DC3BD1E8D59D}"
EndProject
Project("{FAE04EC0-301F-11D3-BF4B-00C04F79EFBC}") = "FibonacciAsync", "Examples\FibonacciAsync.csproj", "{F20F8319-1E9A-4F52-8ADC-8A3F4C621635}"
EndProject
Global
	GlobalSection(SolutionConfigurationPlatforms) = preSolution
		Debug|Any CPU = Debug|Any CPU
		Release|Any CPU = Release|Any CPU
	EndGlobalSection
	GlobalSection(ProjectConfigurationPlatforms) = postSolution
		{281B560A-E3B1-437C-9274-DD655E860E6E}.Debug|Any CPU.ActiveCfg = Debug|Any CPU
		{281B560A-E3B1-437C-9274-DD655E860E6E}.Debug|Any CPU.Build.0 = Debug|Any CPU
		{281B560A-E3B1-437C-9274-DD655E860E6E}.Release|Any CPU.ActiveCfg = Release|Any CPU
		{281B560A-E3B1-437C-9274-DD655E860E6E}.Release|Any CPU.Build.0 = Release|Any CPU
		{8736CFDB-D7E1-4753-9D33-48FDE176BA7B}.Debug|Any CPU.ActiveCfg = Debug|Any CPU
		{8736CFDB-D7E1-4753-9D33-48FDE176BA7B}.Debug|Any CPU.Build.0 = Debug|Any CPU
		{8736CFDB-D7E1-4753-9D33-48FDE176BA7B}.Release|Any CPU.ActiveCfg = Release|Any CPU
		{8736CFDB-D7E1-4753-9D33-48FDE176BA7B}.Release|Any CPU.Build.0 = Release|Any CPU
		{72A04DDD-3CC1-4357-89A8-39445E3A645D}.Debug|Any CPU.ActiveCfg = Debug|Any CPU
		{72A04DDD-3CC1-4357-89A8-39445E3A645D}.Debug|Any CPU.Build.0 = Debug|Any CPU
		{72A04DDD-3CC1-4357-89A8-39445E3A645D}.Release|Any CPU.ActiveCfg = Release|Any CPU
		{72A04DDD-3CC1-4357-89A8-39445E3A645D}.Release|Any CPU.Build.0 = Release|Any CPU
		{1F2780FB-C570-4E95-A3E1-DC3BD1E8D59D}.Debug|Any CPU.ActiveCfg = Debug|Any CPU
		{1F2780FB-C570-4E95-A3E1-DC3BD1E8D59D}.Debug|Any CPU.Build.0 = Debug|Any CPU
		{1F2780FB-C570-4E95-A3E1-DC3BD1E8D59D}.Release|Any CPU.ActiveCfg = Release|Any CPU
		{1F2780FB-C570-4E95-A3E1-DC3BD1E8D59D}.Release|Any CPU.Build.0 = Release|Any CPU
		{F20F8319-1E9A-4F52-8ADC-8A3F4C621635}.Debug|Any CPU.ActiveCfg = Debug|Any CPU
		{F20F8319-1E9A-4F52-8ADC-8A3F4C621635}.Debug|Any CPU.Build.0 = Debug|Any CPU
		{F20F8319-1E9A-4F52-8ADC-8A3F4C621635}.Release|Any CPU.ActiveCfg = Release|Any CPU
		{F20F8319-1E9A-4F52-8ADC-8A3F4C621635}.Release|Any CPU.Build.0 = Release|Any CPU
	EndGlobalSection
	GlobalSection(SolutionProperties) = preSolution
		HideSolutionNode = FALSE
	EndGlobalSection
	GlobalSection(NestedProjects) = preSolution
		{72A04DDD-3CC1-4357-89A8-39445E3A645D} = {2B4322CD-2CBD-4DD0-83A7-F12C6D4874D9}
		{1F2780FB-C570-4E95-A3E1-DC3BD1E8D59D} = {2B4322CD-2CBD-4DD0-83A7-F12C6D4874D9}
		{F20F8319-1E9A-4F52-8ADC-8A3F4C621635} = {2B4322CD-2CBD-4DD0-83A7-F12C6D4874D9}
	EndGlobalSection
	GlobalSection(MonoDevelopProperties) = preSolution
		StartupItem = LibuvSharp\LibuvSharp.csproj
		Policies = $0
		$0.TextStylePolicy = $1
		$1.FileWidth = 120
		$1.TabWidth = 4
		$1.inheritsSet = Mono
		$1.inheritsScope = text/plain
		$1.scope = text/x-csharp
		$0.CSharpFormattingPolicy = $2
		$2.inheritsSet = Mono
		$2.inheritsScope = text/x-csharp
		$2.scope = text/x-csharp
	EndGlobalSection
EndGlobal
