
Microsoft Visual Studio Solution File, Format Version 11.00
# Visual Studio 2010
Project("{FAE04EC0-301F-11D3-BF4B-00C04F79EFBC}") = "Test", "Test\Test.csproj", "{8736CFDB-D7E1-4753-9D33-48FDE176BA7B}"
EndProject
Project("{FAE04EC0-301F-11D3-BF4B-00C04F79EFBC}") = "Dev", "Dev\Dev.csproj", "{C96188D7-98D5-4F20-A065-A5DEF1862CC0}"
EndProject
Project("{FAE04EC0-301F-11D3-BF4B-00C04F79EFBC}") = "CounterStrike", "CounterStrike\CounterStrike.csproj", "{9B424E03-E56E-41CC-A317-96A8DF58A44E}"
EndProject
Project("{FAE04EC0-301F-11D3-BF4B-00C04F79EFBC}") = "LibuvSharp", "LibuvSharp\LibuvSharp.csproj", "{281B560A-E3B1-437C-9274-DD655E860E6E}"
EndProject
Global
	GlobalSection(SolutionConfigurationPlatforms) = preSolution
		Debug|Any CPU = Debug|Any CPU
		Release|Any CPU = Release|Any CPU
	EndGlobalSection
	GlobalSection(ProjectConfigurationPlatforms) = postSolution
		{281B560A-E3B1-437C-9274-DD655E860E6E}.Debug|Any CPU.ActiveCfg = Debug|Any CPU
		{281B560A-E3B1-437C-9274-DD655E860E6E}.Debug|Any CPU.Build.0 = Debug|Any CPU
		{281B560A-E3B1-437C-9274-DD655E860E6E}.Release|Any CPU.ActiveCfg = Release|Any CPU
		{281B560A-E3B1-437C-9274-DD655E860E6E}.Release|Any CPU.Build.0 = Release|Any CPU
		{8736CFDB-D7E1-4753-9D33-48FDE176BA7B}.Debug|Any CPU.ActiveCfg = Debug|Any CPU
		{8736CFDB-D7E1-4753-9D33-48FDE176BA7B}.Debug|Any CPU.Build.0 = Debug|Any CPU
		{8736CFDB-D7E1-4753-9D33-48FDE176BA7B}.Release|Any CPU.ActiveCfg = Release|Any CPU
		{8736CFDB-D7E1-4753-9D33-48FDE176BA7B}.Release|Any CPU.Build.0 = Release|Any CPU
		{9B424E03-E56E-41CC-A317-96A8DF58A44E}.Debug|Any CPU.ActiveCfg = Debug|Any CPU
		{9B424E03-E56E-41CC-A317-96A8DF58A44E}.Debug|Any CPU.Build.0 = Debug|Any CPU
		{9B424E03-E56E-41CC-A317-96A8DF58A44E}.Release|Any CPU.ActiveCfg = Release|Any CPU
		{9B424E03-E56E-41CC-A317-96A8DF58A44E}.Release|Any CPU.Build.0 = Release|Any CPU
		{C96188D7-98D5-4F20-A065-A5DEF1862CC0}.Debug|Any CPU.ActiveCfg = Debug|Any CPU
		{C96188D7-98D5-4F20-A065-A5DEF1862CC0}.Debug|Any CPU.Build.0 = Debug|Any CPU
		{C96188D7-98D5-4F20-A065-A5DEF1862CC0}.Release|Any CPU.ActiveCfg = Release|Any CPU
		{C96188D7-98D5-4F20-A065-A5DEF1862CC0}.Release|Any CPU.Build.0 = Release|Any CPU
	EndGlobalSection
	GlobalSection(MonoDevelopProperties) = preSolution
		StartupItem = Test\Test.csproj
		Policies = $0
		$0.TextStylePolicy = $1
		$1.FileWidth = 120
		$1.TabWidth = 4
		$1.inheritsSet = Mono
		$1.inheritsScope = text/plain
		$1.scope = text/x-csharp
		$0.CSharpFormattingPolicy = $2
		$2.inheritsSet = Mono
		$2.inheritsScope = text/x-csharp
		$2.scope = text/x-csharp
	EndGlobalSection
EndGlobal
